
Microsoft Visual Studio Solution File, Format Version 12.00
# Visual Studio Version 16
VisualStudioVersion = 16.0.31729.503
MinimumVisualStudioVersion = 10.0.40219.1
Project("{FAE04EC0-301F-11D3-BF4B-00C04F79EFBC}") = "sajjadmirzapour", "sajjadmirzapour\sajjadmirzapour.csproj", "{473F7E0C-2400-4EBB-B5AF-63532A6A1227}"
EndProject
Global
	GlobalSection(SolutionConfigurationPlatforms) = preSolution
		Debug|Any CPU = Debug|Any CPU
		Release|Any CPU = Release|Any CPU
	EndGlobalSection
	GlobalSection(ProjectConfigurationPlatforms) = postSolution
		{473F7E0C-2400-4EBB-B5AF-63532A6A1227}.Debug|Any CPU.ActiveCfg = Debug|Any CPU
		{473F7E0C-2400-4EBB-B5AF-63532A6A1227}.Debug|Any CPU.Build.0 = Debug|Any CPU
		{473F7E0C-2400-4EBB-B5AF-63532A6A1227}.Release|Any CPU.ActiveCfg = Release|Any CPU
		{473F7E0C-2400-4EBB-B5AF-63532A6A1227}.Release|Any CPU.Build.0 = Release|Any CPU
	EndGlobalSection
	GlobalSection(SolutionProperties) = preSolution
		HideSolutionNode = FALSE
	EndGlobalSection
	GlobalSection(ExtensibilityGlobals) = postSolution
		SolutionGuid = {8126A1BC-CC87-443D-A227-BF35D4B43192}
	EndGlobalSection
EndGlobal
